
Microsoft Visual Studio Solution File, Format Version 12.00
# Visual Studio Version 17
VisualStudioVersion = 17.4.33213.308
MinimumVisualStudioVersion = 10.0.40219.1
Project("{9A19103F-16F7-4668-BE54-9A1E7A4F7556}") = "LineChart", "LineChart.csproj", "{00B27877-8778-48CA-913F-9C8F93FDB635}"
EndProject
Global
	GlobalSection(SolutionConfigurationPlatforms) = preSolution
		Debug|Any CPU = Debug|Any CPU
		Release|Any CPU = Release|Any CPU
	EndGlobalSection
	GlobalSection(ProjectConfigurationPlatforms) = postSolution
		{00B27877-8778-48CA-913F-9C8F93FDB635}.Debug|Any CPU.ActiveCfg = Debug|Any CPU
		{00B27877-8778-48CA-913F-9C8F93FDB635}.Debug|Any CPU.Build.0 = Debug|Any CPU
		{00B27877-8778-48CA-913F-9C8F93FDB635}.Release|Any CPU.ActiveCfg = Release|Any CPU
		{00B27877-8778-48CA-913F-9C8F93FDB635}.Release|Any CPU.Build.0 = Release|Any CPU
	EndGlobalSection
	GlobalSection(SolutionProperties) = preSolution
		HideSolutionNode = FALSE
	EndGlobalSection
	GlobalSection(ExtensibilityGlobals) = postSolution
		SolutionGuid = {E1340DA8-6E7F-43F3-BF64-8C09B85CE95B}
	EndGlobalSection
EndGlobal
